// !$*UTF8*$!
{
	archiveVersion = 1;
	classes = {
	};
	objectVersion = 56;
	objects = {

/* Begin PBXBuildFile section */
		DBA92E4A2BB72EC4000EC90A /* Ingredient.swift in Sources */ = {isa = PBXBuildFile; fileRef = DBA92E492BB72EC4000EC90A /* Ingredient.swift */; };
		DBA92E4C2BB72EEA000EC90A /* Meal.swift in Sources */ = {isa = PBXBuildFile; fileRef = DBA92E4B2BB72EEA000EC90A /* Meal.swift */; };
		DBA92E4F2BB72F8A000EC90A /* MealsViewModel.swift in Sources */ = {isa = PBXBuildFile; fileRef = DBA92E4E2BB72F8A000EC90A /* MealsViewModel.swift */; };
		DBA92E512BB73008000EC90A /* MealDetails.swift in Sources */ = {isa = PBXBuildFile; fileRef = DBA92E502BB73008000EC90A /* MealDetails.swift */; };
		DBA92E532BB7303D000EC90A /* MealDetailsViewModel.swift in Sources */ = {isa = PBXBuildFile; fileRef = DBA92E522BB7303D000EC90A /* MealDetailsViewModel.swift */; };
		DBC57DD02BB4869A0075615C /* RecipesApp.swift in Sources */ = {isa = PBXBuildFile; fileRef = DBC57DCF2BB4869A0075615C /* RecipesApp.swift */; };
		DBC57DD22BB4869A0075615C /* MainView.swift in Sources */ = {isa = PBXBuildFile; fileRef = DBC57DD12BB4869A0075615C /* MainView.swift */; };
		DBC57DD42BB4869A0075615C /* Assets.xcassets in Resources */ = {isa = PBXBuildFile; fileRef = DBC57DD32BB4869A0075615C /* Assets.xcassets */; };
		DBC57DD72BB4869A0075615C /* Preview Assets.xcassets in Resources */ = {isa = PBXBuildFile; fileRef = DBC57DD62BB4869A0075615C /* Preview Assets.xcassets */; };
		DBC57DE12BB4869B0075615C /* RecipesTests.swift in Sources */ = {isa = PBXBuildFile; fileRef = DBC57DE02BB4869B0075615C /* RecipesTests.swift */; };
		DBC57DEB2BB4869B0075615C /* RecipesUITests.swift in Sources */ = {isa = PBXBuildFile; fileRef = DBC57DEA2BB4869B0075615C /* RecipesUITests.swift */; };
		DBC57DED2BB4869B0075615C /* RecipesUITestsLaunchTests.swift in Sources */ = {isa = PBXBuildFile; fileRef = DBC57DEC2BB4869B0075615C /* RecipesUITestsLaunchTests.swift */; };
		DBC57DFC2BB491350075615C /* MealDetailsView.swift in Sources */ = {isa = PBXBuildFile; fileRef = DBC57DFB2BB491350075615C /* MealDetailsView.swift */; };
/* End PBXBuildFile section */

/* Begin PBXContainerItemProxy section */
		DBC57DDD2BB4869B0075615C /* PBXContainerItemProxy */ = {
			isa = PBXContainerItemProxy;
			containerPortal = DBC57DC42BB4869A0075615C /* Project object */;
			proxyType = 1;
			remoteGlobalIDString = DBC57DCB2BB4869A0075615C;
			remoteInfo = Recipes;
		};
		DBC57DE72BB4869B0075615C /* PBXContainerItemProxy */ = {
			isa = PBXContainerItemProxy;
			containerPortal = DBC57DC42BB4869A0075615C /* Project object */;
			proxyType = 1;
			remoteGlobalIDString = DBC57DCB2BB4869A0075615C;
			remoteInfo = Recipes;
		};
/* End PBXContainerItemProxy section */

/* Begin PBXFileReference section */
		DBA92E492BB72EC4000EC90A /* Ingredient.swift */ = {isa = PBXFileReference; lastKnownFileType = sourcecode.swift; path = Ingredient.swift; sourceTree = "<group>"; };
		DBA92E4B2BB72EEA000EC90A /* Meal.swift */ = {isa = PBXFileReference; lastKnownFileType = sourcecode.swift; path = Meal.swift; sourceTree = "<group>"; };
		DBA92E4E2BB72F8A000EC90A /* MealsViewModel.swift */ = {isa = PBXFileReference; lastKnownFileType = sourcecode.swift; path = MealsViewModel.swift; sourceTree = "<group>"; };
		DBA92E502BB73008000EC90A /* MealDetails.swift */ = {isa = PBXFileReference; lastKnownFileType = sourcecode.swift; path = MealDetails.swift; sourceTree = "<group>"; };
		DBA92E522BB7303D000EC90A /* MealDetailsViewModel.swift */ = {isa = PBXFileReference; lastKnownFileType = sourcecode.swift; path = MealDetailsViewModel.swift; sourceTree = "<group>"; };
		DBC57DCC2BB4869A0075615C /* Recipes.app */ = {isa = PBXFileReference; explicitFileType = wrapper.application; includeInIndex = 0; path = Recipes.app; sourceTree = BUILT_PRODUCTS_DIR; };
		DBC57DCF2BB4869A0075615C /* RecipesApp.swift */ = {isa = PBXFileReference; lastKnownFileType = sourcecode.swift; path = RecipesApp.swift; sourceTree = "<group>"; };
		DBC57DD12BB4869A0075615C /* MainView.swift */ = {isa = PBXFileReference; lastKnownFileType = sourcecode.swift; path = MainView.swift; sourceTree = "<group>"; };
		DBC57DD32BB4869A0075615C /* Assets.xcassets */ = {isa = PBXFileReference; lastKnownFileType = folder.assetcatalog; path = Assets.xcassets; sourceTree = "<group>"; };
		DBC57DD62BB4869A0075615C /* Preview Assets.xcassets */ = {isa = PBXFileReference; lastKnownFileType = folder.assetcatalog; path = "Preview Assets.xcassets"; sourceTree = "<group>"; };
		DBC57DDC2BB4869B0075615C /* RecipesTests.xctest */ = {isa = PBXFileReference; explicitFileType = wrapper.cfbundle; includeInIndex = 0; path = RecipesTests.xctest; sourceTree = BUILT_PRODUCTS_DIR; };
		DBC57DE02BB4869B0075615C /* RecipesTests.swift */ = {isa = PBXFileReference; lastKnownFileType = sourcecode.swift; path = RecipesTests.swift; sourceTree = "<group>"; };
		DBC57DE62BB4869B0075615C /* RecipesUITests.xctest */ = {isa = PBXFileReference; explicitFileType = wrapper.cfbundle; includeInIndex = 0; path = RecipesUITests.xctest; sourceTree = BUILT_PRODUCTS_DIR; };
		DBC57DEA2BB4869B0075615C /* RecipesUITests.swift */ = {isa = PBXFileReference; lastKnownFileType = sourcecode.swift; path = RecipesUITests.swift; sourceTree = "<group>"; };
		DBC57DEC2BB4869B0075615C /* RecipesUITestsLaunchTests.swift */ = {isa = PBXFileReference; lastKnownFileType = sourcecode.swift; path = RecipesUITestsLaunchTests.swift; sourceTree = "<group>"; };
		DBC57DFB2BB491350075615C /* MealDetailsView.swift */ = {isa = PBXFileReference; lastKnownFileType = sourcecode.swift; path = MealDetailsView.swift; sourceTree = "<group>"; };
/* End PBXFileReference section */

/* Begin PBXFrameworksBuildPhase section */
		DBC57DC92BB4869A0075615C /* Frameworks */ = {
			isa = PBXFrameworksBuildPhase;
			buildActionMask = 2147483647;
			files = (
			);
			runOnlyForDeploymentPostprocessing = 0;
		};
		DBC57DD92BB4869B0075615C /* Frameworks */ = {
			isa = PBXFrameworksBuildPhase;
			buildActionMask = 2147483647;
			files = (
			);
			runOnlyForDeploymentPostprocessing = 0;
		};
		DBC57DE32BB4869B0075615C /* Frameworks */ = {
			isa = PBXFrameworksBuildPhase;
			buildActionMask = 2147483647;
			files = (
			);
			runOnlyForDeploymentPostprocessing = 0;
		};
/* End PBXFrameworksBuildPhase section */

/* Begin PBXGroup section */
		DBA92E482BB72EB5000EC90A /* Models */ = {
			isa = PBXGroup;
			children = (
				DBA92E492BB72EC4000EC90A /* Ingredient.swift */,
				DBA92E4B2BB72EEA000EC90A /* Meal.swift */,
				DBA92E502BB73008000EC90A /* MealDetails.swift */,
			);
			path = Models;
			sourceTree = "<group>";
		};
		DBA92E4D2BB72F73000EC90A /* View Models */ = {
			isa = PBXGroup;
			children = (
				DBA92E4E2BB72F8A000EC90A /* MealsViewModel.swift */,
				DBA92E522BB7303D000EC90A /* MealDetailsViewModel.swift */,
			);
			path = "View Models";
			sourceTree = "<group>";
		};
		DBC57DC32BB4869A0075615C = {
			isa = PBXGroup;
			children = (
				DBC57DCE2BB4869A0075615C /* Recipes */,
				DBC57DDF2BB4869B0075615C /* RecipesTests */,
				DBC57DE92BB4869B0075615C /* RecipesUITests */,
				DBC57DCD2BB4869A0075615C /* Products */,
			);
			sourceTree = "<group>";
		};
		DBC57DCD2BB4869A0075615C /* Products */ = {
			isa = PBXGroup;
			children = (
				DBC57DCC2BB4869A0075615C /* Recipes.app */,
				DBC57DDC2BB4869B0075615C /* RecipesTests.xctest */,
				DBC57DE62BB4869B0075615C /* RecipesUITests.xctest */,
			);
			name = Products;
			sourceTree = "<group>";
		};
		DBC57DCE2BB4869A0075615C /* Recipes */ = {
			isa = PBXGroup;
			children = (
				DBA92E4D2BB72F73000EC90A /* View Models */,
				DBA92E482BB72EB5000EC90A /* Models */,
				DBC57DCF2BB4869A0075615C /* RecipesApp.swift */,
				DBC57DD12BB4869A0075615C /* MainView.swift */,
				DBC57DFB2BB491350075615C /* MealDetailsView.swift */,
				DBC57DD32BB4869A0075615C /* Assets.xcassets */,
				DBC57DD52BB4869A0075615C /* Preview Content */,
			);
			path = Recipes;
			sourceTree = "<group>";
		};
		DBC57DD52BB4869A0075615C /* Preview Content */ = {
			isa = PBXGroup;
			children = (
				DBC57DD62BB4869A0075615C /* Preview Assets.xcassets */,
			);
			path = "Preview Content";
			sourceTree = "<group>";
		};
		DBC57DDF2BB4869B0075615C /* RecipesTests */ = {
			isa = PBXGroup;
			children = (
				DBC57DE02BB4869B0075615C /* RecipesTests.swift */,
			);
			path = RecipesTests;
			sourceTree = "<group>";
		};
		DBC57DE92BB4869B0075615C /* RecipesUITests */ = {
			isa = PBXGroup;
			children = (
				DBC57DEA2BB4869B0075615C /* RecipesUITests.swift */,
				DBC57DEC2BB4869B0075615C /* RecipesUITestsLaunchTests.swift */,
			);
			path = RecipesUITests;
			sourceTree = "<group>";
		};
/* End PBXGroup section */

/* Begin PBXNativeTarget section */
		DBC57DCB2BB4869A0075615C /* Recipes */ = {
			isa = PBXNativeTarget;
			buildConfigurationList = DBC57DF02BB4869B0075615C /* Build configuration list for PBXNativeTarget "Recipes" */;
			buildPhases = (
				DBC57DC82BB4869A0075615C /* Sources */,
				DBC57DC92BB4869A0075615C /* Frameworks */,
				DBC57DCA2BB4869A0075615C /* Resources */,
			);
			buildRules = (
			);
			dependencies = (
			);
			name = Recipes;
			productName = Recipes;
			productReference = DBC57DCC2BB4869A0075615C /* Recipes.app */;
			productType = "com.apple.product-type.application";
		};
		DBC57DDB2BB4869B0075615C /* RecipesTests */ = {
			isa = PBXNativeTarget;
			buildConfigurationList = DBC57DF32BB4869B0075615C /* Build configuration list for PBXNativeTarget "RecipesTests" */;
			buildPhases = (
				DBC57DD82BB4869B0075615C /* Sources */,
				DBC57DD92BB4869B0075615C /* Frameworks */,
				DBC57DDA2BB4869B0075615C /* Resources */,
			);
			buildRules = (
			);
			dependencies = (
				DBC57DDE2BB4869B0075615C /* PBXTargetDependency */,
			);
			name = RecipesTests;
			productName = RecipesTests;
			productReference = DBC57DDC2BB4869B0075615C /* RecipesTests.xctest */;
			productType = "com.apple.product-type.bundle.unit-test";
		};
		DBC57DE52BB4869B0075615C /* RecipesUITests */ = {
			isa = PBXNativeTarget;
			buildConfigurationList = DBC57DF62BB4869B0075615C /* Build configuration list for PBXNativeTarget "RecipesUITests" */;
			buildPhases = (
				DBC57DE22BB4869B0075615C /* Sources */,
				DBC57DE32BB4869B0075615C /* Frameworks */,
				DBC57DE42BB4869B0075615C /* Resources */,
			);
			buildRules = (
			);
			dependencies = (
				DBC57DE82BB4869B0075615C /* PBXTargetDependency */,
			);
			name = RecipesUITests;
			productName = RecipesUITests;
			productReference = DBC57DE62BB4869B0075615C /* RecipesUITests.xctest */;
			productType = "com.apple.product-type.bundle.ui-testing";
		};
/* End PBXNativeTarget section */

/* Begin PBXProject section */
		DBC57DC42BB4869A0075615C /* Project object */ = {
			isa = PBXProject;
			attributes = {
				BuildIndependentTargetsInParallel = 1;
				LastSwiftUpdateCheck = 1530;
				LastUpgradeCheck = 1530;
				TargetAttributes = {
					DBC57DCB2BB4869A0075615C = {
						CreatedOnToolsVersion = 15.3;
					};
					DBC57DDB2BB4869B0075615C = {
						CreatedOnToolsVersion = 15.3;
						TestTargetID = DBC57DCB2BB4869A0075615C;
					};
					DBC57DE52BB4869B0075615C = {
						CreatedOnToolsVersion = 15.3;
						TestTargetID = DBC57DCB2BB4869A0075615C;
					};
				};
			};
			buildConfigurationList = DBC57DC72BB4869A0075615C /* Build configuration list for PBXProject "Recipes" */;
			compatibilityVersion = "Xcode 14.0";
			developmentRegion = en;
			hasScannedForEncodings = 0;
			knownRegions = (
				en,
				Base,
			);
			mainGroup = DBC57DC32BB4869A0075615C;
			productRefGroup = DBC57DCD2BB4869A0075615C /* Products */;
			projectDirPath = "";
			projectRoot = "";
			targets = (
				DBC57DCB2BB4869A0075615C /* Recipes */,
				DBC57DDB2BB4869B0075615C /* RecipesTests */,
				DBC57DE52BB4869B0075615C /* RecipesUITests */,
			);
		};
/* End PBXProject section */

/* Begin PBXResourcesBuildPhase section */
		DBC57DCA2BB4869A0075615C /* Resources */ = {
			isa = PBXResourcesBuildPhase;
			buildActionMask = 2147483647;
			files = (
				DBC57DD72BB4869A0075615C /* Preview Assets.xcassets in Resources */,
				DBC57DD42BB4869A0075615C /* Assets.xcassets in Resources */,
			);
			runOnlyForDeploymentPostprocessing = 0;
		};
		DBC57DDA2BB4869B0075615C /* Resources */ = {
			isa = PBXResourcesBuildPhase;
			buildActionMask = 2147483647;
			files = (
			);
			runOnlyForDeploymentPostprocessing = 0;
		};
		DBC57DE42BB4869B0075615C /* Resources */ = {
			isa = PBXResourcesBuildPhase;
			buildActionMask = 2147483647;
			files = (
			);
			runOnlyForDeploymentPostprocessing = 0;
		};
/* End PBXResourcesBuildPhase section */

/* Begin PBXSourcesBuildPhase section */
		DBC57DC82BB4869A0075615C /* Sources */ = {
			isa = PBXSourcesBuildPhase;
			buildActionMask = 2147483647;
			files = (
				DBA92E4C2BB72EEA000EC90A /* Meal.swift in Sources */,
				DBA92E4A2BB72EC4000EC90A /* Ingredient.swift in Sources */,
				DBC57DD22BB4869A0075615C /* MainView.swift in Sources */,
				DBA92E512BB73008000EC90A /* MealDetails.swift in Sources */,
				DBC57DD02BB4869A0075615C /* RecipesApp.swift in Sources */,
				DBC57DFC2BB491350075615C /* MealDetailsView.swift in Sources */,
				DBA92E532BB7303D000EC90A /* MealDetailsViewModel.swift in Sources */,
				DBA92E4F2BB72F8A000EC90A /* MealsViewModel.swift in Sources */,
			);
			runOnlyForDeploymentPostprocessing = 0;
		};
		DBC57DD82BB4869B0075615C /* Sources */ = {
			isa = PBXSourcesBuildPhase;
			buildActionMask = 2147483647;
			files = (
				DBC57DE12BB4869B0075615C /* RecipesTests.swift in Sources */,
			);
			runOnlyForDeploymentPostprocessing = 0;
		};
		DBC57DE22BB4869B0075615C /* Sources */ = {
			isa = PBXSourcesBuildPhase;
			buildActionMask = 2147483647;
			files = (
				DBC57DED2BB4869B0075615C /* RecipesUITestsLaunchTests.swift in Sources */,
				DBC57DEB2BB4869B0075615C /* RecipesUITests.swift in Sources */,
			);
			runOnlyForDeploymentPostprocessing = 0;
		};
/* End PBXSourcesBuildPhase section */

/* Begin PBXTargetDependency section */
		DBC57DDE2BB4869B0075615C /* PBXTargetDependency */ = {
			isa = PBXTargetDependency;
			target = DBC57DCB2BB4869A0075615C /* Recipes */;
			targetProxy = DBC57DDD2BB4869B0075615C /* PBXContainerItemProxy */;
		};
		DBC57DE82BB4869B0075615C /* PBXTargetDependency */ = {
			isa = PBXTargetDependency;
			target = DBC57DCB2BB4869A0075615C /* Recipes */;
			targetProxy = DBC57DE72BB4869B0075615C /* PBXContainerItemProxy */;
		};
/* End PBXTargetDependency section */

/* Begin XCBuildConfiguration section */
		DBC57DEE2BB4869B0075615C /* Debug */ = {
			isa = XCBuildConfiguration;
			buildSettings = {
				ALWAYS_SEARCH_USER_PATHS = NO;
				ASSETCATALOG_COMPILER_GENERATE_SWIFT_ASSET_SYMBOL_EXTENSIONS = YES;
				CLANG_ANALYZER_NONNULL = YES;
				CLANG_ANALYZER_NUMBER_OBJECT_CONVERSION = YES_AGGRESSIVE;
				CLANG_CXX_LANGUAGE_STANDARD = "gnu++20";
				CLANG_ENABLE_MODULES = YES;
				CLANG_ENABLE_OBJC_ARC = YES;
				CLANG_ENABLE_OBJC_WEAK = YES;
				CLANG_WARN_BLOCK_CAPTURE_AUTORELEASING = YES;
				CLANG_WARN_BOOL_CONVERSION = YES;
				CLANG_WARN_COMMA = YES;
				CLANG_WARN_CONSTANT_CONVERSION = YES;
				CLANG_WARN_DEPRECATED_OBJC_IMPLEMENTATIONS = YES;
				CLANG_WARN_DIRECT_OBJC_ISA_USAGE = YES_ERROR;
				CLANG_WARN_DOCUMENTATION_COMMENTS = YES;
				CLANG_WARN_EMPTY_BODY = YES;
				CLANG_WARN_ENUM_CONVERSION = YES;
				CLANG_WARN_INFINITE_RECURSION = YES;
				CLANG_WARN_INT_CONVERSION = YES;
				CLANG_WARN_NON_LITERAL_NULL_CONVERSION = YES;
				CLANG_WARN_OBJC_IMPLICIT_RETAIN_SELF = YES;
				CLANG_WARN_OBJC_LITERAL_CONVERSION = YES;
				CLANG_WARN_OBJC_ROOT_CLASS = YES_ERROR;
				CLANG_WARN_QUOTED_INCLUDE_IN_FRAMEWORK_HEADER = YES;
				CLANG_WARN_RANGE_LOOP_ANALYSIS = YES;
				CLANG_WARN_STRICT_PROTOTYPES = YES;
				CLANG_WARN_SUSPICIOUS_MOVE = YES;
				CLANG_WARN_UNGUARDED_AVAILABILITY = YES_AGGRESSIVE;
				CLANG_WARN_UNREACHABLE_CODE = YES;
				CLANG_WARN__DUPLICATE_METHOD_MATCH = YES;
				COPY_PHASE_STRIP = NO;
				DEBUG_INFORMATION_FORMAT = dwarf;
				ENABLE_STRICT_OBJC_MSGSEND = YES;
				ENABLE_TESTABILITY = YES;
				ENABLE_USER_SCRIPT_SANDBOXING = YES;
				GCC_C_LANGUAGE_STANDARD = gnu17;
				GCC_DYNAMIC_NO_PIC = NO;
				GCC_NO_COMMON_BLOCKS = YES;
				GCC_OPTIMIZATION_LEVEL = 0;
				GCC_PREPROCESSOR_DEFINITIONS = (
					"DEBUG=1",
					"$(inherited)",
				);
				GCC_WARN_64_TO_32_BIT_CONVERSION = YES;
				GCC_WARN_ABOUT_RETURN_TYPE = YES_ERROR;
				GCC_WARN_UNDECLARED_SELECTOR = YES;
				GCC_WARN_UNINITIALIZED_AUTOS = YES_AGGRESSIVE;
				GCC_WARN_UNUSED_FUNCTION = YES;
				GCC_WARN_UNUSED_VARIABLE = YES;
				IPHONEOS_DEPLOYMENT_TARGET = 17.4;
				LOCALIZATION_PREFERS_STRING_CATALOGS = YES;
				MTL_ENABLE_DEBUG_INFO = INCLUDE_SOURCE;
				MTL_FAST_MATH = YES;
				ONLY_ACTIVE_ARCH = YES;
				SDKROOT = iphoneos;
				SWIFT_ACTIVE_COMPILATION_CONDITIONS = "DEBUG $(inherited)";
				SWIFT_OPTIMIZATION_LEVEL = "-Onone";
			};
			name = Debug;
		};
		DBC57DEF2BB4869B0075615C /* Release */ = {
			isa = XCBuildConfiguration;
			buildSettings = {
				ALWAYS_SEARCH_USER_PATHS = NO;
				ASSETCATALOG_COMPILER_GENERATE_SWIFT_ASSET_SYMBOL_EXTENSIONS = YES;
				CLANG_ANALYZER_NONNULL = YES;
				CLANG_ANALYZER_NUMBER_OBJECT_CONVERSION = YES_AGGRESSIVE;
				CLANG_CXX_LANGUAGE_STANDARD = "gnu++20";
				CLANG_ENABLE_MODULES = YES;
				CLANG_ENABLE_OBJC_ARC = YES;
				CLANG_ENABLE_OBJC_WEAK = YES;
				CLANG_WARN_BLOCK_CAPTURE_AUTORELEASING = YES;
				CLANG_WARN_BOOL_CONVERSION = YES;
				CLANG_WARN_COMMA = YES;
				CLANG_WARN_CONSTANT_CONVERSION = YES;
				CLANG_WARN_DEPRECATED_OBJC_IMPLEMENTATIONS = YES;
				CLANG_WARN_DIRECT_OBJC_ISA_USAGE = YES_ERROR;
				CLANG_WARN_DOCUMENTATION_COMMENTS = YES;
				CLANG_WARN_EMPTY_BODY = YES;
				CLANG_WARN_ENUM_CONVERSION = YES;
				CLANG_WARN_INFINITE_RECURSION = YES;
				CLANG_WARN_INT_CONVERSION = YES;
				CLANG_WARN_NON_LITERAL_NULL_CONVERSION = YES;
				CLANG_WARN_OBJC_IMPLICIT_RETAIN_SELF = YES;
				CLANG_WARN_OBJC_LITERAL_CONVERSION = YES;
				CLANG_WARN_OBJC_ROOT_CLASS = YES_ERROR;
				CLANG_WARN_QUOTED_INCLUDE_IN_FRAMEWORK_HEADER = YES;
				CLANG_WARN_RANGE_LOOP_ANALYSIS = YES;
				CLANG_WARN_STRICT_PROTOTYPES = YES;
				CLANG_WARN_SUSPICIOUS_MOVE = YES;
				CLANG_WARN_UNGUARDED_AVAILABILITY = YES_AGGRESSIVE;
				CLANG_WARN_UNREACHABLE_CODE = YES;
				CLANG_WARN__DUPLICATE_METHOD_MATCH = YES;
				COPY_PHASE_STRIP = NO;
				DEBUG_INFORMATION_FORMAT = "dwarf-with-dsym";
				ENABLE_NS_ASSERTIONS = NO;
				ENABLE_STRICT_OBJC_MSGSEND = YES;
				ENABLE_USER_SCRIPT_SANDBOXING = YES;
				GCC_C_LANGUAGE_STANDARD = gnu17;
				GCC_NO_COMMON_BLOCKS = YES;
				GCC_WARN_64_TO_32_BIT_CONVERSION = YES;
				GCC_WARN_ABOUT_RETURN_TYPE = YES_ERROR;
				GCC_WARN_UNDECLARED_SELECTOR = YES;
				GCC_WARN_UNINITIALIZED_AUTOS = YES_AGGRESSIVE;
				GCC_WARN_UNUSED_FUNCTION = YES;
				GCC_WARN_UNUSED_VARIABLE = YES;
				IPHONEOS_DEPLOYMENT_TARGET = 17.4;
				LOCALIZATION_PREFERS_STRING_CATALOGS = YES;
				MTL_ENABLE_DEBUG_INFO = NO;
				MTL_FAST_MATH = YES;
				SDKROOT = iphoneos;
				SWIFT_COMPILATION_MODE = wholemodule;
				VALIDATE_PRODUCT = YES;
			};
			name = Release;
		};
		DBC57DF12BB4869B0075615C /* Debug */ = {
			isa = XCBuildConfiguration;
			buildSettings = {
				ASSETCATALOG_COMPILER_APPICON_NAME = AppIcon;
				ASSETCATALOG_COMPILER_GLOBAL_ACCENT_COLOR_NAME = AccentColor;
				CODE_SIGN_STYLE = Automatic;
				CURRENT_PROJECT_VERSION = 1;
				DEVELOPMENT_ASSET_PATHS = "\"Recipes/Preview Content\"";
				ENABLE_PREVIEWS = YES;
				GENERATE_INFOPLIST_FILE = YES;
				INFOPLIST_KEY_UIApplicationSceneManifest_Generation = YES;
				INFOPLIST_KEY_UIApplicationSupportsIndirectInputEvents = YES;
				INFOPLIST_KEY_UILaunchScreen_Generation = YES;
				INFOPLIST_KEY_UISupportedInterfaceOrientations_iPad = "UIInterfaceOrientationPortrait UIInterfaceOrientationPortraitUpsideDown UIInterfaceOrientationLandscapeLeft UIInterfaceOrientationLandscapeRight";
				INFOPLIST_KEY_UISupportedInterfaceOrientations_iPhone = "UIInterfaceOrientationPortrait UIInterfaceOrientationLandscapeLeft UIInterfaceOrientationLandscapeRight";
				LD_RUNPATH_SEARCH_PATHS = (
					"$(inherited)",
					"@executable_path/Frameworks",
				);
				MARKETING_VERSION = 1.0;
				PRODUCT_BUNDLE_IDENTIFIER = npegnatz.Recipes;
				PRODUCT_NAME = "$(TARGET_NAME)";
				SWIFT_EMIT_LOC_STRINGS = YES;
				SWIFT_VERSION = 5.0;
				TARGETED_DEVICE_FAMILY = "1,2";
			};
			name = Debug;
		};
		DBC57DF22BB4869B0075615C /* Release */ = {
			isa = XCBuildConfiguration;
			buildSettings = {
				ASSETCATALOG_COMPILER_APPICON_NAME = AppIcon;
				ASSETCATALOG_COMPILER_GLOBAL_ACCENT_COLOR_NAME = AccentColor;
				CODE_SIGN_STYLE = Automatic;
				CURRENT_PROJECT_VERSION = 1;
				DEVELOPMENT_ASSET_PATHS = "\"Recipes/Preview Content\"";
				ENABLE_PREVIEWS = YES;
				GENERATE_INFOPLIST_FILE = YES;
				INFOPLIST_KEY_UIApplicationSceneManifest_Generation = YES;
				INFOPLIST_KEY_UIApplicationSupportsIndirectInputEvents = YES;
				INFOPLIST_KEY_UILaunchScreen_Generation = YES;
				INFOPLIST_KEY_UISupportedInterfaceOrientations_iPad = "UIInterfaceOrientationPortrait UIInterfaceOrientationPortraitUpsideDown UIInterfaceOrientationLandscapeLeft UIInterfaceOrientationLandscapeRight";
				INFOPLIST_KEY_UISupportedInterfaceOrientations_iPhone = "UIInterfaceOrientationPortrait UIInterfaceOrientationLandscapeLeft UIInterfaceOrientationLandscapeRight";
				LD_RUNPATH_SEARCH_PATHS = (
					"$(inherited)",
					"@executable_path/Frameworks",
				);
				MARKETING_VERSION = 1.0;
				PRODUCT_BUNDLE_IDENTIFIER = npegnatz.Recipes;
				PRODUCT_NAME = "$(TARGET_NAME)";
				SWIFT_EMIT_LOC_STRINGS = YES;
				SWIFT_VERSION = 5.0;
				TARGETED_DEVICE_FAMILY = "1,2";
			};
			name = Release;
		};
		DBC57DF42BB4869B0075615C /* Debug */ = {
			isa = XCBuildConfiguration;
			buildSettings = {
				ALWAYS_EMBED_SWIFT_STANDARD_LIBRARIES = YES;
				BUNDLE_LOADER = "$(TEST_HOST)";
				CODE_SIGN_STYLE = Automatic;
				CURRENT_PROJECT_VERSION = 1;
				GENERATE_INFOPLIST_FILE = YES;
				IPHONEOS_DEPLOYMENT_TARGET = 17.4;
				MARKETING_VERSION = 1.0;
				PRODUCT_BUNDLE_IDENTIFIER = npegnatz.RecipesTests;
				PRODUCT_NAME = "$(TARGET_NAME)";
				SWIFT_EMIT_LOC_STRINGS = NO;
				SWIFT_VERSION = 5.0;
				TARGETED_DEVICE_FAMILY = "1,2";
				TEST_HOST = "$(BUILT_PRODUCTS_DIR)/Recipes.app/$(BUNDLE_EXECUTABLE_FOLDER_PATH)/Recipes";
			};
			name = Debug;
		};
		DBC57DF52BB4869B0075615C /* Release */ = {
			isa = XCBuildConfiguration;
			buildSettings = {
				ALWAYS_EMBED_SWIFT_STANDARD_LIBRARIES = YES;
				BUNDLE_LOADER = "$(TEST_HOST)";
				CODE_SIGN_STYLE = Automatic;
				CURRENT_PROJECT_VERSION = 1;
				GENERATE_INFOPLIST_FILE = YES;
				IPHONEOS_DEPLOYMENT_TARGET = 17.4;
				MARKETING_VERSION = 1.0;
				PRODUCT_BUNDLE_IDENTIFIER = npegnatz.RecipesTests;
				PRODUCT_NAME = "$(TARGET_NAME)";
				SWIFT_EMIT_LOC_STRINGS = NO;
				SWIFT_VERSION = 5.0;
				TARGETED_DEVICE_FAMILY = "1,2";
				TEST_HOST = "$(BUILT_PRODUCTS_DIR)/Recipes.app/$(BUNDLE_EXECUTABLE_FOLDER_PATH)/Recipes";
			};
			name = Release;
		};
		DBC57DF72BB4869B0075615C /* Debug */ = {
			isa = XCBuildConfiguration;
			buildSettings = {
				ALWAYS_EMBED_SWIFT_STANDARD_LIBRARIES = YES;
				CODE_SIGN_STYLE = Automatic;
				CURRENT_PROJECT_VERSION = 1;
				GENERATE_INFOPLIST_FILE = YES;
				MARKETING_VERSION = 1.0;
				PRODUCT_BUNDLE_IDENTIFIER = npegnatz.RecipesUITests;
				PRODUCT_NAME = "$(TARGET_NAME)";
				SWIFT_EMIT_LOC_STRINGS = NO;
				SWIFT_VERSION = 5.0;
				TARGETED_DEVICE_FAMILY = "1,2";
				TEST_TARGET_NAME = Recipes;
			};
			name = Debug;
		};
		DBC57DF82BB4869B0075615C /* Release */ = {
			isa = XCBuildConfiguration;
			buildSettings = {
				ALWAYS_EMBED_SWIFT_STANDARD_LIBRARIES = YES;
				CODE_SIGN_STYLE = Automatic;
				CURRENT_PROJECT_VERSION = 1;
				GENERATE_INFOPLIST_FILE = YES;
				MARKETING_VERSION = 1.0;
				PRODUCT_BUNDLE_IDENTIFIER = npegnatz.RecipesUITests;
				PRODUCT_NAME = "$(TARGET_NAME)";
				SWIFT_EMIT_LOC_STRINGS = NO;
				SWIFT_VERSION = 5.0;
				TARGETED_DEVICE_FAMILY = "1,2";
				TEST_TARGET_NAME = Recipes;
			};
			name = Release;
		};
/* End XCBuildConfiguration section */

/* Begin XCConfigurationList section */
		DBC57DC72BB4869A0075615C /* Build configuration list for PBXProject "Recipes" */ = {
			isa = XCConfigurationList;
			buildConfigurations = (
				DBC57DEE2BB4869B0075615C /* Debug */,
				DBC57DEF2BB4869B0075615C /* Release */,
			);
			defaultConfigurationIsVisible = 0;
			defaultConfigurationName = Release;
		};
		DBC57DF02BB4869B0075615C /* Build configuration list for PBXNativeTarget "Recipes" */ = {
			isa = XCConfigurationList;
			buildConfigurations = (
				DBC57DF12BB4869B0075615C /* Debug */,
				DBC57DF22BB4869B0075615C /* Release */,
			);
			defaultConfigurationIsVisible = 0;
			defaultConfigurationName = Release;
		};
		DBC57DF32BB4869B0075615C /* Build configuration list for PBXNativeTarget "RecipesTests" */ = {
			isa = XCConfigurationList;
			buildConfigurations = (
				DBC57DF42BB4869B0075615C /* Debug */,
				DBC57DF52BB4869B0075615C /* Release */,
			);
			defaultConfigurationIsVisible = 0;
			defaultConfigurationName = Release;
		};
		DBC57DF62BB4869B0075615C /* Build configuration list for PBXNativeTarget "RecipesUITests" */ = {
			isa = XCConfigurationList;
			buildConfigurations = (
				DBC57DF72BB4869B0075615C /* Debug */,
				DBC57DF82BB4869B0075615C /* Release */,
			);
			defaultConfigurationIsVisible = 0;
			defaultConfigurationName = Release;
		};
/* End XCConfigurationList section */
	};
	rootObject = DBC57DC42BB4869A0075615C /* Project object */;
}
